
Microsoft Visual Studio Solution File, Format Version 12.00
# Visual Studio 16
Project("{FAE04EC0-301F-11D3-BF4B-00C04F79EFBC}") = "Assembly-CSharp", "Assembly-CSharp.csproj", "{B6D10DB3-C540-AF62-2D79-18E8AE7055EB}"
EndProject
Project("{FAE04EC0-301F-11D3-BF4B-00C04F79EFBC}") = "Unity.2D.Tilemap.Extras", "Unity.2D.Tilemap.Extras.csproj", "{5E7D9B86-FEEF-CCAB-3F8E-4F5C49C77B3D}"
EndProject
Global
	GlobalSection(SolutionConfigurationPlatforms) = preSolution
		Debug|Any CPU = Debug|Any CPU
		Release|Any CPU = Release|Any CPU
	EndGlobalSection
	GlobalSection(ProjectConfigurationPlatforms) = postSolution
		{B6D10DB3-C540-AF62-2D79-18E8AE7055EB}.Debug|Any CPU.ActiveCfg = Debug|Any CPU
		{B6D10DB3-C540-AF62-2D79-18E8AE7055EB}.Debug|Any CPU.Build.0 = Debug|Any CPU
		{B6D10DB3-C540-AF62-2D79-18E8AE7055EB}.Release|Any CPU.ActiveCfg = Release|Any CPU
		{B6D10DB3-C540-AF62-2D79-18E8AE7055EB}.Release|Any CPU.Build.0 = Release|Any CPU
		{5E7D9B86-FEEF-CCAB-3F8E-4F5C49C77B3D}.Debug|Any CPU.ActiveCfg = Debug|Any CPU
		{5E7D9B86-FEEF-CCAB-3F8E-4F5C49C77B3D}.Debug|Any CPU.Build.0 = Debug|Any CPU
		{5E7D9B86-FEEF-CCAB-3F8E-4F5C49C77B3D}.Release|Any CPU.ActiveCfg = Release|Any CPU
		{5E7D9B86-FEEF-CCAB-3F8E-4F5C49C77B3D}.Release|Any CPU.Build.0 = Release|Any CPU
	EndGlobalSection
	GlobalSection(SolutionProperties) = preSolution
		HideSolutionNode = FALSE
	EndGlobalSection
EndGlobal
